// !$*UTF8*$!
{
	archiveVersion = 1;
	classes = {
	};
	objectVersion = 46;
	objects = {

/* Begin PBXBuildFile section */
		8BAE898A1E90C99B006BF6E3 /* NATableViewController.swift in Sources */ = {isa = PBXBuildFile; fileRef = 8BAE89891E90C99B006BF6E3 /* NATableViewController.swift */; };
		C07FD1851E8F36480034CF5B /* AppDelegate.swift in Sources */ = {isa = PBXBuildFile; fileRef = C07FD1841E8F36480034CF5B /* AppDelegate.swift */; };
		C07FD1871E8F36480034CF5B /* ViewController.swift in Sources */ = {isa = PBXBuildFile; fileRef = C07FD1861E8F36480034CF5B /* ViewController.swift */; };
		C07FD18A1E8F36480034CF5B /* Main.storyboard in Resources */ = {isa = PBXBuildFile; fileRef = C07FD1881E8F36480034CF5B /* Main.storyboard */; };
		C07FD18C1E8F36480034CF5B /* Assets.xcassets in Resources */ = {isa = PBXBuildFile; fileRef = C07FD18B1E8F36480034CF5B /* Assets.xcassets */; };
		C07FD18F1E8F36480034CF5B /* LaunchScreen.storyboard in Resources */ = {isa = PBXBuildFile; fileRef = C07FD18D1E8F36480034CF5B /* LaunchScreen.storyboard */; };
		C07FD19A1E8F36480034CF5B /* new_applicationTests.swift in Sources */ = {isa = PBXBuildFile; fileRef = C07FD1991E8F36480034CF5B /* new_applicationTests.swift */; };
		C07FD1A51E8F36480034CF5B /* new_applicationUITests.swift in Sources */ = {isa = PBXBuildFile; fileRef = C07FD1A41E8F36480034CF5B /* new_applicationUITests.swift */; };
/* End PBXBuildFile section */

/* Begin PBXContainerItemProxy section */
		C07FD1961E8F36480034CF5B /* PBXContainerItemProxy */ = {
			isa = PBXContainerItemProxy;
			containerPortal = C07FD1791E8F36480034CF5B /* Project object */;
			proxyType = 1;
			remoteGlobalIDString = C07FD1801E8F36480034CF5B;
			remoteInfo = "new application";
		};
		C07FD1A11E8F36480034CF5B /* PBXContainerItemProxy */ = {
			isa = PBXContainerItemProxy;
			containerPortal = C07FD1791E8F36480034CF5B /* Project object */;
			proxyType = 1;
			remoteGlobalIDString = C07FD1801E8F36480034CF5B;
			remoteInfo = "new application";
		};
/* End PBXContainerItemProxy section */

/* Begin PBXFileReference section */
		8BAE89891E90C99B006BF6E3 /* NATableViewController.swift */ = {isa = PBXFileReference; fileEncoding = 4; lastKnownFileType = sourcecode.swift; path = NATableViewController.swift; sourceTree = "<group>"; };
		C07FD1811E8F36480034CF5B /* new application.app */ = {isa = PBXFileReference; explicitFileType = wrapper.application; includeInIndex = 0; path = "new application.app"; sourceTree = BUILT_PRODUCTS_DIR; };
		C07FD1841E8F36480034CF5B /* AppDelegate.swift */ = {isa = PBXFileReference; lastKnownFileType = sourcecode.swift; path = AppDelegate.swift; sourceTree = "<group>"; };
		C07FD1861E8F36480034CF5B /* ViewController.swift */ = {isa = PBXFileReference; lastKnownFileType = sourcecode.swift; path = ViewController.swift; sourceTree = "<group>"; };
		C07FD1891E8F36480034CF5B /* Base */ = {isa = PBXFileReference; lastKnownFileType = file.storyboard; name = Base; path = Base.lproj/Main.storyboard; sourceTree = "<group>"; };
		C07FD18B1E8F36480034CF5B /* Assets.xcassets */ = {isa = PBXFileReference; lastKnownFileType = folder.assetcatalog; path = Assets.xcassets; sourceTree = "<group>"; };
		C07FD18E1E8F36480034CF5B /* Base */ = {isa = PBXFileReference; lastKnownFileType = file.storyboard; name = Base; path = Base.lproj/LaunchScreen.storyboard; sourceTree = "<group>"; };
		C07FD1901E8F36480034CF5B /* Info.plist */ = {isa = PBXFileReference; lastKnownFileType = text.plist.xml; path = Info.plist; sourceTree = "<group>"; };
		C07FD1951E8F36480034CF5B /* new applicationTests.xctest */ = {isa = PBXFileReference; explicitFileType = wrapper.cfbundle; includeInIndex = 0; path = "new applicationTests.xctest"; sourceTree = BUILT_PRODUCTS_DIR; };
		C07FD1991E8F36480034CF5B /* new_applicationTests.swift */ = {isa = PBXFileReference; lastKnownFileType = sourcecode.swift; path = new_applicationTests.swift; sourceTree = "<group>"; };
		C07FD19B1E8F36480034CF5B /* Info.plist */ = {isa = PBXFileReference; lastKnownFileType = text.plist.xml; path = Info.plist; sourceTree = "<group>"; };
		C07FD1A01E8F36480034CF5B /* new applicationUITests.xctest */ = {isa = PBXFileReference; explicitFileType = wrapper.cfbundle; includeInIndex = 0; path = "new applicationUITests.xctest"; sourceTree = BUILT_PRODUCTS_DIR; };
		C07FD1A41E8F36480034CF5B /* new_applicationUITests.swift */ = {isa = PBXFileReference; lastKnownFileType = sourcecode.swift; path = new_applicationUITests.swift; sourceTree = "<group>"; };
		C07FD1A61E8F36480034CF5B /* Info.plist */ = {isa = PBXFileReference; lastKnownFileType = text.plist.xml; path = Info.plist; sourceTree = "<group>"; };
/* End PBXFileReference section */

/* Begin PBXFrameworksBuildPhase section */
		C07FD17E1E8F36480034CF5B /* Frameworks */ = {
			isa = PBXFrameworksBuildPhase;
			buildActionMask = 2147483647;
			files = (
			);
			runOnlyForDeploymentPostprocessing = 0;
		};
		C07FD1921E8F36480034CF5B /* Frameworks */ = {
			isa = PBXFrameworksBuildPhase;
			buildActionMask = 2147483647;
			files = (
			);
			runOnlyForDeploymentPostprocessing = 0;
		};
		C07FD19D1E8F36480034CF5B /* Frameworks */ = {
			isa = PBXFrameworksBuildPhase;
			buildActionMask = 2147483647;
			files = (
			);
			runOnlyForDeploymentPostprocessing = 0;
		};
/* End PBXFrameworksBuildPhase section */

/* Begin PBXGroup section */
		C07FD1781E8F36480034CF5B = {
			isa = PBXGroup;
			children = (
				C07FD1831E8F36480034CF5B /* new application */,
				C07FD1981E8F36480034CF5B /* new applicationTests */,
				C07FD1A31E8F36480034CF5B /* new applicationUITests */,
				C07FD1821E8F36480034CF5B /* Products */,
			);
			sourceTree = "<group>";
		};
		C07FD1821E8F36480034CF5B /* Products */ = {
			isa = PBXGroup;
			children = (
				C07FD1811E8F36480034CF5B /* new application.app */,
				C07FD1951E8F36480034CF5B /* new applicationTests.xctest */,
				C07FD1A01E8F36480034CF5B /* new applicationUITests.xctest */,
			);
			name = Products;
			sourceTree = "<group>";
		};
		C07FD1831E8F36480034CF5B /* new application */ = {
			isa = PBXGroup;
			children = (
				C07FD1841E8F36480034CF5B /* AppDelegate.swift */,
				C07FD1861E8F36480034CF5B /* ViewController.swift */,
				C07FD1881E8F36480034CF5B /* Main.storyboard */,
				8BAE89891E90C99B006BF6E3 /* NATableViewController.swift */,
				C07FD18B1E8F36480034CF5B /* Assets.xcassets */,
				C07FD18D1E8F36480034CF5B /* LaunchScreen.storyboard */,
				C07FD1901E8F36480034CF5B /* Info.plist */,
			);
			path = "new application";
			sourceTree = "<group>";
		};
		C07FD1981E8F36480034CF5B /* new applicationTests */ = {
			isa = PBXGroup;
			children = (
				C07FD1991E8F36480034CF5B /* new_applicationTests.swift */,
				C07FD19B1E8F36480034CF5B /* Info.plist */,
			);
			path = "new applicationTests";
			sourceTree = "<group>";
		};
		C07FD1A31E8F36480034CF5B /* new applicationUITests */ = {
			isa = PBXGroup;
			children = (
				C07FD1A41E8F36480034CF5B /* new_applicationUITests.swift */,
				C07FD1A61E8F36480034CF5B /* Info.plist */,
			);
			path = "new applicationUITests";
			sourceTree = "<group>";
		};
/* End PBXGroup section */

/* Begin PBXNativeTarget section */
		C07FD1801E8F36480034CF5B /* new application */ = {
			isa = PBXNativeTarget;
			buildConfigurationList = C07FD1A91E8F36480034CF5B /* Build configuration list for PBXNativeTarget "new application" */;
			buildPhases = (
				C07FD17D1E8F36480034CF5B /* Sources */,
				C07FD17E1E8F36480034CF5B /* Frameworks */,
				C07FD17F1E8F36480034CF5B /* Resources */,
			);
			buildRules = (
			);
			dependencies = (
			);
			name = "new application";
			productName = "new application";
			productReference = C07FD1811E8F36480034CF5B /* new application.app */;
			productType = "com.apple.product-type.application";
		};
		C07FD1941E8F36480034CF5B /* new applicationTests */ = {
			isa = PBXNativeTarget;
			buildConfigurationList = C07FD1AC1E8F36480034CF5B /* Build configuration list for PBXNativeTarget "new applicationTests" */;
			buildPhases = (
				C07FD1911E8F36480034CF5B /* Sources */,
				C07FD1921E8F36480034CF5B /* Frameworks */,
				C07FD1931E8F36480034CF5B /* Resources */,
			);
			buildRules = (
			);
			dependencies = (
				C07FD1971E8F36480034CF5B /* PBXTargetDependency */,
			);
			name = "new applicationTests";
			productName = "new applicationTests";
			productReference = C07FD1951E8F36480034CF5B /* new applicationTests.xctest */;
			productType = "com.apple.product-type.bundle.unit-test";
		};
		C07FD19F1E8F36480034CF5B /* new applicationUITests */ = {
			isa = PBXNativeTarget;
			buildConfigurationList = C07FD1AF1E8F36480034CF5B /* Build configuration list for PBXNativeTarget "new applicationUITests" */;
			buildPhases = (
				C07FD19C1E8F36480034CF5B /* Sources */,
				C07FD19D1E8F36480034CF5B /* Frameworks */,
				C07FD19E1E8F36480034CF5B /* Resources */,
			);
			buildRules = (
			);
			dependencies = (
				C07FD1A21E8F36480034CF5B /* PBXTargetDependency */,
			);
			name = "new applicationUITests";
			productName = "new applicationUITests";
			productReference = C07FD1A01E8F36480034CF5B /* new applicationUITests.xctest */;
			productType = "com.apple.product-type.bundle.ui-testing";
		};
/* End PBXNativeTarget section */

/* Begin PBXProject section */
		C07FD1791E8F36480034CF5B /* Project object */ = {
			isa = PBXProject;
			attributes = {
				LastSwiftUpdateCheck = 0830;
				LastUpgradeCheck = 0830;
				ORGANIZATIONNAME = "한승수";
				TargetAttributes = {
					C07FD1801E8F36480034CF5B = {
						CreatedOnToolsVersion = 8.3;
						DevelopmentTeam = KUN77N9BF8;
						ProvisioningStyle = Automatic;
					};
					C07FD1941E8F36480034CF5B = {
						CreatedOnToolsVersion = 8.3;
						ProvisioningStyle = Automatic;
						TestTargetID = C07FD1801E8F36480034CF5B;
					};
					C07FD19F1E8F36480034CF5B = {
						CreatedOnToolsVersion = 8.3;
						ProvisioningStyle = Automatic;
						TestTargetID = C07FD1801E8F36480034CF5B;
					};
				};
			};
			buildConfigurationList = C07FD17C1E8F36480034CF5B /* Build configuration list for PBXProject "new application" */;
			compatibilityVersion = "Xcode 3.2";
			developmentRegion = English;
			hasScannedForEncodings = 0;
			knownRegions = (
				en,
				Base,
			);
			mainGroup = C07FD1781E8F36480034CF5B;
			productRefGroup = C07FD1821E8F36480034CF5B /* Products */;
			projectDirPath = "";
			projectRoot = "";
			targets = (
				C07FD1801E8F36480034CF5B /* new application */,
				C07FD1941E8F36480034CF5B /* new applicationTests */,
				C07FD19F1E8F36480034CF5B /* new applicationUITests */,
			);
		};
/* End PBXProject section */

/* Begin PBXResourcesBuildPhase section */
		C07FD17F1E8F36480034CF5B /* Resources */ = {
			isa = PBXResourcesBuildPhase;
			buildActionMask = 2147483647;
			files = (
				C07FD18F1E8F36480034CF5B /* LaunchScreen.storyboard in Resources */,
				C07FD18C1E8F36480034CF5B /* Assets.xcassets in Resources */,
				C07FD18A1E8F36480034CF5B /* Main.storyboard in Resources */,
			);
			runOnlyForDeploymentPostprocessing = 0;
		};
		C07FD1931E8F36480034CF5B /* Resources */ = {
			isa = PBXResourcesBuildPhase;
			buildActionMask = 2147483647;
			files = (
			);
			runOnlyForDeploymentPostprocessing = 0;
		};
		C07FD19E1E8F36480034CF5B /* Resources */ = {
			isa = PBXResourcesBuildPhase;
			buildActionMask = 2147483647;
			files = (
			);
			runOnlyForDeploymentPostprocessing = 0;
		};
/* End PBXResourcesBuildPhase section */

/* Begin PBXSourcesBuildPhase section */
		C07FD17D1E8F36480034CF5B /* Sources */ = {
			isa = PBXSourcesBuildPhase;
			buildActionMask = 2147483647;
			files = (
				C07FD1871E8F36480034CF5B /* ViewController.swift in Sources */,
				8BAE898A1E90C99B006BF6E3 /* NATableViewController.swift in Sources */,
				C07FD1851E8F36480034CF5B /* AppDelegate.swift in Sources */,
			);
			runOnlyForDeploymentPostprocessing = 0;
		};
		C07FD1911E8F36480034CF5B /* Sources */ = {
			isa = PBXSourcesBuildPhase;
			buildActionMask = 2147483647;
			files = (
				C07FD19A1E8F36480034CF5B /* new_applicationTests.swift in Sources */,
			);
			runOnlyForDeploymentPostprocessing = 0;
		};
		C07FD19C1E8F36480034CF5B /* Sources */ = {
			isa = PBXSourcesBuildPhase;
			buildActionMask = 2147483647;
			files = (
				C07FD1A51E8F36480034CF5B /* new_applicationUITests.swift in Sources */,
			);
			runOnlyForDeploymentPostprocessing = 0;
		};
/* End PBXSourcesBuildPhase section */

/* Begin PBXTargetDependency section */
		C07FD1971E8F36480034CF5B /* PBXTargetDependency */ = {
			isa = PBXTargetDependency;
			target = C07FD1801E8F36480034CF5B /* new application */;
			targetProxy = C07FD1961E8F36480034CF5B /* PBXContainerItemProxy */;
		};
		C07FD1A21E8F36480034CF5B /* PBXTargetDependency */ = {
			isa = PBXTargetDependency;
			target = C07FD1801E8F36480034CF5B /* new application */;
			targetProxy = C07FD1A11E8F36480034CF5B /* PBXContainerItemProxy */;
		};
/* End PBXTargetDependency section */

/* Begin PBXVariantGroup section */
		C07FD1881E8F36480034CF5B /* Main.storyboard */ = {
			isa = PBXVariantGroup;
			children = (
				C07FD1891E8F36480034CF5B /* Base */,
			);
			name = Main.storyboard;
			sourceTree = "<group>";
		};
		C07FD18D1E8F36480034CF5B /* LaunchScreen.storyboard */ = {
			isa = PBXVariantGroup;
			children = (
				C07FD18E1E8F36480034CF5B /* Base */,
			);
			name = LaunchScreen.storyboard;
			sourceTree = "<group>";
		};
/* End PBXVariantGroup section */

/* Begin XCBuildConfiguration section */
		C07FD1A71E8F36480034CF5B /* Debug */ = {
			isa = XCBuildConfiguration;
			buildSettings = {
				ALWAYS_SEARCH_USER_PATHS = NO;
				CLANG_ANALYZER_NONNULL = YES;
				CLANG_ANALYZER_NUMBER_OBJECT_CONVERSION = YES_AGGRESSIVE;
				CLANG_CXX_LANGUAGE_STANDARD = "gnu++0x";
				CLANG_CXX_LIBRARY = "libc++";
				CLANG_ENABLE_MODULES = YES;
				CLANG_ENABLE_OBJC_ARC = YES;
				CLANG_WARN_BOOL_CONVERSION = YES;
				CLANG_WARN_CONSTANT_CONVERSION = YES;
				CLANG_WARN_DIRECT_OBJC_ISA_USAGE = YES_ERROR;
				CLANG_WARN_DOCUMENTATION_COMMENTS = YES;
				CLANG_WARN_EMPTY_BODY = YES;
				CLANG_WARN_ENUM_CONVERSION = YES;
				CLANG_WARN_INFINITE_RECURSION = YES;
				CLANG_WARN_INT_CONVERSION = YES;
				CLANG_WARN_OBJC_ROOT_CLASS = YES_ERROR;
				CLANG_WARN_SUSPICIOUS_MOVE = YES;
				CLANG_WARN_UNREACHABLE_CODE = YES;
				CLANG_WARN__DUPLICATE_METHOD_MATCH = YES;
				"CODE_SIGN_IDENTITY[sdk=iphoneos*]" = "iPhone Developer";
				COPY_PHASE_STRIP = NO;
				DEBUG_INFORMATION_FORMAT = dwarf;
				ENABLE_STRICT_OBJC_MSGSEND = YES;
				ENABLE_TESTABILITY = YES;
				GCC_C_LANGUAGE_STANDARD = gnu99;
				GCC_DYNAMIC_NO_PIC = NO;
				GCC_NO_COMMON_BLOCKS = YES;
				GCC_OPTIMIZATION_LEVEL = 0;
				GCC_PREPROCESSOR_DEFINITIONS = (
					"DEBUG=1",
					"$(inherited)",
				);
				GCC_WARN_64_TO_32_BIT_CONVERSION = YES;
				GCC_WARN_ABOUT_RETURN_TYPE = YES_ERROR;
				GCC_WARN_UNDECLARED_SELECTOR = YES;
				GCC_WARN_UNINITIALIZED_AUTOS = YES_AGGRESSIVE;
				GCC_WARN_UNUSED_FUNCTION = YES;
				GCC_WARN_UNUSED_VARIABLE = YES;
				IPHONEOS_DEPLOYMENT_TARGET = 10.3;
				MTL_ENABLE_DEBUG_INFO = YES;
				ONLY_ACTIVE_ARCH = YES;
				SDKROOT = iphoneos;
				SWIFT_ACTIVE_COMPILATION_CONDITIONS = DEBUG;
				SWIFT_OPTIMIZATION_LEVEL = "-Onone";
			};
			name = Debug;
		};
		C07FD1A81E8F36480034CF5B /* Release */ = {
			isa = XCBuildConfiguration;
			buildSettings = {
				ALWAYS_SEARCH_USER_PATHS = NO;
				CLANG_ANALYZER_NONNULL = YES;
				CLANG_ANALYZER_NUMBER_OBJECT_CONVERSION = YES_AGGRESSIVE;
				CLANG_CXX_LANGUAGE_STANDARD = "gnu++0x";
				CLANG_CXX_LIBRARY = "libc++";
				CLANG_ENABLE_MODULES = YES;
				CLANG_ENABLE_OBJC_ARC = YES;
				CLANG_WARN_BOOL_CONVERSION = YES;
				CLANG_WARN_CONSTANT_CONVERSION = YES;
				CLANG_WARN_DIRECT_OBJC_ISA_USAGE = YES_ERROR;
				CLANG_WARN_DOCUMENTATION_COMMENTS = YES;
				CLANG_WARN_EMPTY_BODY = YES;
				CLANG_WARN_ENUM_CONVERSION = YES;
				CLANG_WARN_INFINITE_RECURSION = YES;
				CLANG_WARN_INT_CONVERSION = YES;
				CLANG_WARN_OBJC_ROOT_CLASS = YES_ERROR;
				CLANG_WARN_SUSPICIOUS_MOVE = YES;
				CLANG_WARN_UNREACHABLE_CODE = YES;
				CLANG_WARN__DUPLICATE_METHOD_MATCH = YES;
				"CODE_SIGN_IDENTITY[sdk=iphoneos*]" = "iPhone Developer";
				COPY_PHASE_STRIP = NO;
				DEBUG_INFORMATION_FORMAT = "dwarf-with-dsym";
				ENABLE_NS_ASSERTIONS = NO;
				ENABLE_STRICT_OBJC_MSGSEND = YES;
				GCC_C_LANGUAGE_STANDARD = gnu99;
				GCC_NO_COMMON_BLOCKS = YES;
				GCC_WARN_64_TO_32_BIT_CONVERSION = YES;
				GCC_WARN_ABOUT_RETURN_TYPE = YES_ERROR;
				GCC_WARN_UNDECLARED_SELECTOR = YES;
				GCC_WARN_UNINITIALIZED_AUTOS = YES_AGGRESSIVE;
				GCC_WARN_UNUSED_FUNCTION = YES;
				GCC_WARN_UNUSED_VARIABLE = YES;
				IPHONEOS_DEPLOYMENT_TARGET = 10.3;
				MTL_ENABLE_DEBUG_INFO = NO;
				SDKROOT = iphoneos;
				SWIFT_OPTIMIZATION_LEVEL = "-Owholemodule";
				VALIDATE_PRODUCT = YES;
			};
			name = Release;
		};
		C07FD1AA1E8F36480034CF5B /* Debug */ = {
			isa = XCBuildConfiguration;
			buildSettings = {
				ASSETCATALOG_COMPILER_APPICON_NAME = AppIcon;
				DEVELOPMENT_TEAM = KUN77N9BF8;
				INFOPLIST_FILE = "new application/Info.plist";
				IPHONEOS_DEPLOYMENT_TARGET = 10.1;
				LD_RUNPATH_SEARCH_PATHS = "$(inherited) @executable_path/Frameworks";
				PRODUCT_BUNDLE_IDENTIFIER = "SNU.new-application";
				PRODUCT_NAME = "$(TARGET_NAME)";
				SWIFT_VERSION = 3.0;
			};
			name = Debug;
		};
		C07FD1AB1E8F36480034CF5B /* Release */ = {
			isa = XCBuildConfiguration;
			buildSettings = {
				ASSETCATALOG_COMPILER_APPICON_NAME = AppIcon;
				DEVELOPMENT_TEAM = KUN77N9BF8;
				INFOPLIST_FILE = "new application/Info.plist";
				IPHONEOS_DEPLOYMENT_TARGET = 10.1;
				LD_RUNPATH_SEARCH_PATHS = "$(inherited) @executable_path/Frameworks";
				PRODUCT_BUNDLE_IDENTIFIER = "SNU.new-application";
				PRODUCT_NAME = "$(TARGET_NAME)";
				SWIFT_VERSION = 3.0;
			};
			name = Release;
		};
		C07FD1AD1E8F36480034CF5B /* Debug */ = {
			isa = XCBuildConfiguration;
			buildSettings = {
				ALWAYS_EMBED_SWIFT_STANDARD_LIBRARIES = YES;
				BUNDLE_LOADER = "$(TEST_HOST)";
				INFOPLIST_FILE = "new applicationTests/Info.plist";
				LD_RUNPATH_SEARCH_PATHS = "$(inherited) @executable_path/Frameworks @loader_path/Frameworks";
				PRODUCT_BUNDLE_IDENTIFIER = "SNU.new-applicationTests";
				PRODUCT_NAME = "$(TARGET_NAME)";
				SWIFT_VERSION = 3.0;
				TEST_HOST = "$(BUILT_PRODUCTS_DIR)/new application.app/new application";
			};
			name = Debug;
		};
		C07FD1AE1E8F36480034CF5B /* Release */ = {
			isa = XCBuildConfiguration;
			buildSettings = {
				ALWAYS_EMBED_SWIFT_STANDARD_LIBRARIES = YES;
				BUNDLE_LOADER = "$(TEST_HOST)";
				INFOPLIST_FILE = "new applicationTests/Info.plist";
				LD_RUNPATH_SEARCH_PATHS = "$(inherited) @executable_path/Frameworks @loader_path/Frameworks";
				PRODUCT_BUNDLE_IDENTIFIER = "SNU.new-applicationTests";
				PRODUCT_NAME = "$(TARGET_NAME)";
				SWIFT_VERSION = 3.0;
				TEST_HOST = "$(BUILT_PRODUCTS_DIR)/new application.app/new application";
			};
			name = Release;
		};
		C07FD1B01E8F36480034CF5B /* Debug */ = {
			isa = XCBuildConfiguration;
			buildSettings = {
				ALWAYS_EMBED_SWIFT_STANDARD_LIBRARIES = YES;
				INFOPLIST_FILE = "new applicationUITests/Info.plist";
				LD_RUNPATH_SEARCH_PATHS = "$(inherited) @executable_path/Frameworks @loader_path/Frameworks";
				PRODUCT_BUNDLE_IDENTIFIER = "SNU.new-applicationUITests";
				PRODUCT_NAME = "$(TARGET_NAME)";
				SWIFT_VERSION = 3.0;
				TEST_TARGET_NAME = "new application";
			};
			name = Debug;
		};
		C07FD1B11E8F36480034CF5B /* Release */ = {
			isa = XCBuildConfiguration;
			buildSettings = {
				ALWAYS_EMBED_SWIFT_STANDARD_LIBRARIES = YES;
				INFOPLIST_FILE = "new applicationUITests/Info.plist";
				LD_RUNPATH_SEARCH_PATHS = "$(inherited) @executable_path/Frameworks @loader_path/Frameworks";
				PRODUCT_BUNDLE_IDENTIFIER = "SNU.new-applicationUITests";
				PRODUCT_NAME = "$(TARGET_NAME)";
				SWIFT_VERSION = 3.0;
				TEST_TARGET_NAME = "new application";
			};
			name = Release;
		};
/* End XCBuildConfiguration section */

/* Begin XCConfigurationList section */
		C07FD17C1E8F36480034CF5B /* Build configuration list for PBXProject "new application" */ = {
			isa = XCConfigurationList;
			buildConfigurations = (
				C07FD1A71E8F36480034CF5B /* Debug */,
				C07FD1A81E8F36480034CF5B /* Release */,
			);
			defaultConfigurationIsVisible = 0;
			defaultConfigurationName = Release;
		};
		C07FD1A91E8F36480034CF5B /* Build configuration list for PBXNativeTarget "new application" */ = {
			isa = XCConfigurationList;
			buildConfigurations = (
				C07FD1AA1E8F36480034CF5B /* Debug */,
				C07FD1AB1E8F36480034CF5B /* Release */,
			);
			defaultConfigurationIsVisible = 0;
			defaultConfigurationName = Release;
		};
		C07FD1AC1E8F36480034CF5B /* Build configuration list for PBXNativeTarget "new applicationTests" */ = {
			isa = XCConfigurationList;
			buildConfigurations = (
				C07FD1AD1E8F36480034CF5B /* Debug */,
				C07FD1AE1E8F36480034CF5B /* Release */,
			);
			defaultConfigurationIsVisible = 0;
			defaultConfigurationName = Release;
		};
		C07FD1AF1E8F36480034CF5B /* Build configuration list for PBXNativeTarget "new applicationUITests" */ = {
			isa = XCConfigurationList;
			buildConfigurations = (
				C07FD1B01E8F36480034CF5B /* Debug */,
				C07FD1B11E8F36480034CF5B /* Release */,
			);
			defaultConfigurationIsVisible = 0;
			defaultConfigurationName = Release;
		};
/* End XCConfigurationList section */
	};
	rootObject = C07FD1791E8F36480034CF5B /* Project object */;
}
